
Microsoft Visual Studio Solution File, Format Version 12.00
# Visual Studio 15
VisualStudioVersion = 15.0.26206.0
MinimumVisualStudioVersion = 10.0.40219.1
Project("{FAE04EC0-301F-11D3-BF4B-00C04F79EFBC}") = "RandomValueConsoleBot", "RandomValueConsoleBot\RandomValueConsoleBot.csproj", "{ED725959-DD07-4227-96B4-67D13FF00990}"
EndProject
Project("{E53339B2-1760-4266-BCC7-CA923CBCF16C}") = "docker-compose", "docker-compose.dcproj", "{3519CE39-A1A2-4C39-9C62-4B3AFEE7F3DD}"
EndProject
Global
	GlobalSection(SolutionConfigurationPlatforms) = preSolution
		Debug|Any CPU = Debug|Any CPU
		Debug|x64 = Debug|x64
		Debug|x86 = Debug|x86
		Release|Any CPU = Release|Any CPU
		Release|x64 = Release|x64
		Release|x86 = Release|x86
	EndGlobalSection
	GlobalSection(ProjectConfigurationPlatforms) = postSolution
		{ED725959-DD07-4227-96B4-67D13FF00990}.Debug|Any CPU.ActiveCfg = Debug|Any CPU
		{ED725959-DD07-4227-96B4-67D13FF00990}.Debug|Any CPU.Build.0 = Debug|Any CPU
		{ED725959-DD07-4227-96B4-67D13FF00990}.Debug|x64.ActiveCfg = Debug|x64
		{ED725959-DD07-4227-96B4-67D13FF00990}.Debug|x64.Build.0 = Debug|x64
		{ED725959-DD07-4227-96B4-67D13FF00990}.Debug|x86.ActiveCfg = Debug|x86
		{ED725959-DD07-4227-96B4-67D13FF00990}.Debug|x86.Build.0 = Debug|x86
		{ED725959-DD07-4227-96B4-67D13FF00990}.Release|Any CPU.ActiveCfg = Release|Any CPU
		{ED725959-DD07-4227-96B4-67D13FF00990}.Release|Any CPU.Build.0 = Release|Any CPU
		{ED725959-DD07-4227-96B4-67D13FF00990}.Release|x64.ActiveCfg = Release|x64
		{ED725959-DD07-4227-96B4-67D13FF00990}.Release|x64.Build.0 = Release|x64
		{ED725959-DD07-4227-96B4-67D13FF00990}.Release|x86.ActiveCfg = Release|x86
		{ED725959-DD07-4227-96B4-67D13FF00990}.Release|x86.Build.0 = Release|x86
		{3519CE39-A1A2-4C39-9C62-4B3AFEE7F3DD}.Debug|Any CPU.ActiveCfg = Debug|Any CPU
		{3519CE39-A1A2-4C39-9C62-4B3AFEE7F3DD}.Debug|Any CPU.Build.0 = Debug|Any CPU
		{3519CE39-A1A2-4C39-9C62-4B3AFEE7F3DD}.Debug|x64.ActiveCfg = Debug|Any CPU
		{3519CE39-A1A2-4C39-9C62-4B3AFEE7F3DD}.Debug|x64.Build.0 = Debug|Any CPU
		{3519CE39-A1A2-4C39-9C62-4B3AFEE7F3DD}.Debug|x86.ActiveCfg = Debug|Any CPU
		{3519CE39-A1A2-4C39-9C62-4B3AFEE7F3DD}.Debug|x86.Build.0 = Debug|Any CPU
		{3519CE39-A1A2-4C39-9C62-4B3AFEE7F3DD}.Release|Any CPU.ActiveCfg = Release|Any CPU
		{3519CE39-A1A2-4C39-9C62-4B3AFEE7F3DD}.Release|Any CPU.Build.0 = Release|Any CPU
		{3519CE39-A1A2-4C39-9C62-4B3AFEE7F3DD}.Release|x64.ActiveCfg = Release|Any CPU
		{3519CE39-A1A2-4C39-9C62-4B3AFEE7F3DD}.Release|x64.Build.0 = Release|Any CPU
		{3519CE39-A1A2-4C39-9C62-4B3AFEE7F3DD}.Release|x86.ActiveCfg = Release|Any CPU
		{3519CE39-A1A2-4C39-9C62-4B3AFEE7F3DD}.Release|x86.Build.0 = Release|Any CPU
	EndGlobalSection
	GlobalSection(SolutionProperties) = preSolution
		HideSolutionNode = FALSE
	EndGlobalSection
EndGlobal
